// !$*UTF8*$!
{
	archiveVersion = 1;
	classes = {
	};
	objectVersion = 50;
	objects = {

/* Begin PBXBuildFile section */
		AD44E95A22CA7CDA002CD84A /* AppDelegate.swift in Sources */ = {isa = PBXBuildFile; fileRef = AD44E95922CA7CDA002CD84A /* AppDelegate.swift */; };
		AD44E95C22CA7CDA002CD84A /* TodoListViewController.swift in Sources */ = {isa = PBXBuildFile; fileRef = AD44E95B22CA7CDA002CD84A /* TodoListViewController.swift */; };
		AD44E95F22CA7CDA002CD84A /* Main.storyboard in Resources */ = {isa = PBXBuildFile; fileRef = AD44E95D22CA7CDA002CD84A /* Main.storyboard */; };
		AD44E96122CA7CDB002CD84A /* Assets.xcassets in Resources */ = {isa = PBXBuildFile; fileRef = AD44E96022CA7CDB002CD84A /* Assets.xcassets */; };
		AD44E96422CA7CDB002CD84A /* LaunchScreen.storyboard in Resources */ = {isa = PBXBuildFile; fileRef = AD44E96222CA7CDB002CD84A /* LaunchScreen.storyboard */; };
		AD44E99622CAE277002CD84A /* DataModel.xcdatamodeld in Sources */ = {isa = PBXBuildFile; fileRef = AD44E99422CAE277002CD84A /* DataModel.xcdatamodeld */; };
		ADE881AD22CE61850096012A /* CategoryTableViewController.swift in Sources */ = {isa = PBXBuildFile; fileRef = ADE881AC22CE61850096012A /* CategoryTableViewController.swift */; };
/* End PBXBuildFile section */

/* Begin PBXFileReference section */
		AD44E95622CA7CDA002CD84A /* Todoey.app */ = {isa = PBXFileReference; explicitFileType = wrapper.application; includeInIndex = 0; path = Todoey.app; sourceTree = BUILT_PRODUCTS_DIR; };
		AD44E95922CA7CDA002CD84A /* AppDelegate.swift */ = {isa = PBXFileReference; lastKnownFileType = sourcecode.swift; path = AppDelegate.swift; sourceTree = "<group>"; };
		AD44E95B22CA7CDA002CD84A /* TodoListViewController.swift */ = {isa = PBXFileReference; lastKnownFileType = sourcecode.swift; path = TodoListViewController.swift; sourceTree = "<group>"; };
		AD44E95E22CA7CDA002CD84A /* Base */ = {isa = PBXFileReference; lastKnownFileType = file.storyboard; name = Base; path = Base.lproj/Main.storyboard; sourceTree = "<group>"; };
		AD44E96022CA7CDB002CD84A /* Assets.xcassets */ = {isa = PBXFileReference; lastKnownFileType = folder.assetcatalog; path = Assets.xcassets; sourceTree = "<group>"; };
		AD44E96322CA7CDB002CD84A /* Base */ = {isa = PBXFileReference; lastKnownFileType = file.storyboard; name = Base; path = Base.lproj/LaunchScreen.storyboard; sourceTree = "<group>"; };
		AD44E96522CA7CDB002CD84A /* Info.plist */ = {isa = PBXFileReference; lastKnownFileType = text.plist.xml; path = Info.plist; sourceTree = "<group>"; };
		AD44E99522CAE277002CD84A /* DataModel.xcdatamodel */ = {isa = PBXFileReference; lastKnownFileType = wrapper.xcdatamodel; path = DataModel.xcdatamodel; sourceTree = "<group>"; };
		ADE881AC22CE61850096012A /* CategoryTableViewController.swift */ = {isa = PBXFileReference; lastKnownFileType = sourcecode.swift; path = CategoryTableViewController.swift; sourceTree = "<group>"; };
/* End PBXFileReference section */

/* Begin PBXFrameworksBuildPhase section */
		AD44E95322CA7CDA002CD84A /* Frameworks */ = {
			isa = PBXFrameworksBuildPhase;
			buildActionMask = 2147483647;
			files = (
			);
			runOnlyForDeploymentPostprocessing = 0;
		};
/* End PBXFrameworksBuildPhase section */

/* Begin PBXGroup section */
		AD44E94D22CA7CDA002CD84A = {
			isa = PBXGroup;
			children = (
				AD44E95822CA7CDA002CD84A /* Todoey */,
				AD44E95722CA7CDA002CD84A /* Products */,
			);
			sourceTree = "<group>";
		};
		AD44E95722CA7CDA002CD84A /* Products */ = {
			isa = PBXGroup;
			children = (
				AD44E95622CA7CDA002CD84A /* Todoey.app */,
			);
			name = Products;
			sourceTree = "<group>";
		};
		AD44E95822CA7CDA002CD84A /* Todoey */ = {
			isa = PBXGroup;
			children = (
				AD44E96522CA7CDB002CD84A /* Info.plist */,
				AD44E95922CA7CDA002CD84A /* AppDelegate.swift */,
				AD44E96D22CAC0CD002CD84A /* Models */,
				AD44E97022CAC389002CD84A /* Controllers */,
				AD44E96E22CAC35F002CD84A /* Views */,
				AD44E96F22CAC373002CD84A /* Supporting files */,
			);
			path = Todoey;
			sourceTree = "<group>";
		};
		AD44E96D22CAC0CD002CD84A /* Models */ = {
			isa = PBXGroup;
			children = (
				AD44E99422CAE277002CD84A /* DataModel.xcdatamodeld */,
			);
			path = Models;
			sourceTree = "<group>";
		};
		AD44E96E22CAC35F002CD84A /* Views */ = {
			isa = PBXGroup;
			children = (
				AD44E95D22CA7CDA002CD84A /* Main.storyboard */,
			);
			path = Views;
			sourceTree = "<group>";
		};
		AD44E96F22CAC373002CD84A /* Supporting files */ = {
			isa = PBXGroup;
			children = (
				AD44E96022CA7CDB002CD84A /* Assets.xcassets */,
				AD44E96222CA7CDB002CD84A /* LaunchScreen.storyboard */,
			);
			path = "Supporting files";
			sourceTree = "<group>";
		};
		AD44E97022CAC389002CD84A /* Controllers */ = {
			isa = PBXGroup;
			children = (
				ADE881AC22CE61850096012A /* CategoryTableViewController.swift */,
				AD44E95B22CA7CDA002CD84A /* TodoListViewController.swift */,
			);
			path = Controllers;
			sourceTree = "<group>";
		};
/* End PBXGroup section */

/* Begin PBXNativeTarget section */
		AD44E95522CA7CDA002CD84A /* Todoey */ = {
			isa = PBXNativeTarget;
			buildConfigurationList = AD44E96822CA7CDB002CD84A /* Build configuration list for PBXNativeTarget "Todoey" */;
			buildPhases = (
				AD44E95222CA7CDA002CD84A /* Sources */,
				AD44E95322CA7CDA002CD84A /* Frameworks */,
				AD44E95422CA7CDA002CD84A /* Resources */,
			);
			buildRules = (
			);
			dependencies = (
			);
			name = Todoey;
			productName = Todoey;
			productReference = AD44E95622CA7CDA002CD84A /* Todoey.app */;
			productType = "com.apple.product-type.application";
		};
/* End PBXNativeTarget section */

/* Begin PBXProject section */
		AD44E94E22CA7CDA002CD84A /* Project object */ = {
			isa = PBXProject;
			attributes = {
				LastSwiftUpdateCheck = 1020;
				LastUpgradeCheck = 1020;
				ORGANIZATIONNAME = Indq;
				TargetAttributes = {
					AD44E95522CA7CDA002CD84A = {
						CreatedOnToolsVersion = 10.2.1;
					};
				};
			};
			buildConfigurationList = AD44E95122CA7CDA002CD84A /* Build configuration list for PBXProject "Todoey" */;
			compatibilityVersion = "Xcode 9.3";
			developmentRegion = en;
			hasScannedForEncodings = 0;
			knownRegions = (
				en,
				Base,
			);
			mainGroup = AD44E94D22CA7CDA002CD84A;
			productRefGroup = AD44E95722CA7CDA002CD84A /* Products */;
			projectDirPath = "";
			projectRoot = "";
			targets = (
				AD44E95522CA7CDA002CD84A /* Todoey */,
			);
		};
/* End PBXProject section */

/* Begin PBXResourcesBuildPhase section */
		AD44E95422CA7CDA002CD84A /* Resources */ = {
			isa = PBXResourcesBuildPhase;
			buildActionMask = 2147483647;
			files = (
				AD44E96422CA7CDB002CD84A /* LaunchScreen.storyboard in Resources */,
				AD44E96122CA7CDB002CD84A /* Assets.xcassets in Resources */,
				AD44E95F22CA7CDA002CD84A /* Main.storyboard in Resources */,
			);
			runOnlyForDeploymentPostprocessing = 0;
		};
/* End PBXResourcesBuildPhase section */

/* Begin PBXSourcesBuildPhase section */
		AD44E95222CA7CDA002CD84A /* Sources */ = {
			isa = PBXSourcesBuildPhase;
			buildActionMask = 2147483647;
			files = (
				AD44E95C22CA7CDA002CD84A /* TodoListViewController.swift in Sources */,
				AD44E99622CAE277002CD84A /* DataModel.xcdatamodeld in Sources */,
				AD44E95A22CA7CDA002CD84A /* AppDelegate.swift in Sources */,
				ADE881AD22CE61850096012A /* CategoryTableViewController.swift in Sources */,
			);
			runOnlyForDeploymentPostprocessing = 0;
		};
/* End PBXSourcesBuildPhase section */

/* Begin PBXVariantGroup section */
		AD44E95D22CA7CDA002CD84A /* Main.storyboard */ = {
			isa = PBXVariantGroup;
			children = (
				AD44E95E22CA7CDA002CD84A /* Base */,
			);
			name = Main.storyboard;
			sourceTree = "<group>";
		};
		AD44E96222CA7CDB002CD84A /* LaunchScreen.storyboard */ = {
			isa = PBXVariantGroup;
			children = (
				AD44E96322CA7CDB002CD84A /* Base */,
			);
			name = LaunchScreen.storyboard;
			sourceTree = "<group>";
		};
/* End PBXVariantGroup section */

/* Begin XCBuildConfiguration section */
		AD44E96622CA7CDB002CD84A /* Debug */ = {
			isa = XCBuildConfiguration;
			buildSettings = {
				ALWAYS_SEARCH_USER_PATHS = NO;
				CLANG_ANALYZER_NONNULL = YES;
				CLANG_ANALYZER_NUMBER_OBJECT_CONVERSION = YES_AGGRESSIVE;
				CLANG_CXX_LANGUAGE_STANDARD = "gnu++14";
				CLANG_CXX_LIBRARY = "libc++";
				CLANG_ENABLE_MODULES = YES;
				CLANG_ENABLE_OBJC_ARC = YES;
				CLANG_ENABLE_OBJC_WEAK = YES;
				CLANG_WARN_BLOCK_CAPTURE_AUTORELEASING = YES;
				CLANG_WARN_BOOL_CONVERSION = YES;
				CLANG_WARN_COMMA = YES;
				CLANG_WARN_CONSTANT_CONVERSION = YES;
				CLANG_WARN_DEPRECATED_OBJC_IMPLEMENTATIONS = YES;
				CLANG_WARN_DIRECT_OBJC_ISA_USAGE = YES_ERROR;
				CLANG_WARN_DOCUMENTATION_COMMENTS = YES;
				CLANG_WARN_EMPTY_BODY = YES;
				CLANG_WARN_ENUM_CONVERSION = YES;
				CLANG_WARN_INFINITE_RECURSION = YES;
				CLANG_WARN_INT_CONVERSION = YES;
				CLANG_WARN_NON_LITERAL_NULL_CONVERSION = YES;
				CLANG_WARN_OBJC_IMPLICIT_RETAIN_SELF = YES;
				CLANG_WARN_OBJC_LITERAL_CONVERSION = YES;
				CLANG_WARN_OBJC_ROOT_CLASS = YES_ERROR;
				CLANG_WARN_RANGE_LOOP_ANALYSIS = YES;
				CLANG_WARN_STRICT_PROTOTYPES = YES;
				CLANG_WARN_SUSPICIOUS_MOVE = YES;
				CLANG_WARN_UNGUARDED_AVAILABILITY = YES_AGGRESSIVE;
				CLANG_WARN_UNREACHABLE_CODE = YES;
				CLANG_WARN__DUPLICATE_METHOD_MATCH = YES;
				CODE_SIGN_IDENTITY = "iPhone Developer";
				COPY_PHASE_STRIP = NO;
				DEBUG_INFORMATION_FORMAT = dwarf;
				ENABLE_STRICT_OBJC_MSGSEND = YES;
				ENABLE_TESTABILITY = YES;
				GCC_C_LANGUAGE_STANDARD = gnu11;
				GCC_DYNAMIC_NO_PIC = NO;
				GCC_NO_COMMON_BLOCKS = YES;
				GCC_OPTIMIZATION_LEVEL = 0;
				GCC_PREPROCESSOR_DEFINITIONS = (
					"DEBUG=1",
					"$(inherited)",
				);
				GCC_WARN_64_TO_32_BIT_CONVERSION = YES;
				GCC_WARN_ABOUT_RETURN_TYPE = YES_ERROR;
				GCC_WARN_UNDECLARED_SELECTOR = YES;
				GCC_WARN_UNINITIALIZED_AUTOS = YES_AGGRESSIVE;
				GCC_WARN_UNUSED_FUNCTION = YES;
				GCC_WARN_UNUSED_VARIABLE = YES;
				IPHONEOS_DEPLOYMENT_TARGET = 12.2;
				MTL_ENABLE_DEBUG_INFO = INCLUDE_SOURCE;
				MTL_FAST_MATH = YES;
				ONLY_ACTIVE_ARCH = YES;
				SDKROOT = iphoneos;
				SWIFT_ACTIVE_COMPILATION_CONDITIONS = DEBUG;
				SWIFT_OPTIMIZATION_LEVEL = "-Onone";
			};
			name = Debug;
		};
		AD44E96722CA7CDB002CD84A /* Release */ = {
			isa = XCBuildConfiguration;
			buildSettings = {
				ALWAYS_SEARCH_USER_PATHS = NO;
				CLANG_ANALYZER_NONNULL = YES;
				CLANG_ANALYZER_NUMBER_OBJECT_CONVERSION = YES_AGGRESSIVE;
				CLANG_CXX_LANGUAGE_STANDARD = "gnu++14";
				CLANG_CXX_LIBRARY = "libc++";
				CLANG_ENABLE_MODULES = YES;
				CLANG_ENABLE_OBJC_ARC = YES;
				CLANG_ENABLE_OBJC_WEAK = YES;
				CLANG_WARN_BLOCK_CAPTURE_AUTORELEASING = YES;
				CLANG_WARN_BOOL_CONVERSION = YES;
				CLANG_WARN_COMMA = YES;
				CLANG_WARN_CONSTANT_CONVERSION = YES;
				CLANG_WARN_DEPRECATED_OBJC_IMPLEMENTATIONS = YES;
				CLANG_WARN_DIRECT_OBJC_ISA_USAGE = YES_ERROR;
				CLANG_WARN_DOCUMENTATION_COMMENTS = YES;
				CLANG_WARN_EMPTY_BODY = YES;
				CLANG_WARN_ENUM_CONVERSION = YES;
				CLANG_WARN_INFINITE_RECURSION = YES;
				CLANG_WARN_INT_CONVERSION = YES;
				CLANG_WARN_NON_LITERAL_NULL_CONVERSION = YES;
				CLANG_WARN_OBJC_IMPLICIT_RETAIN_SELF = YES;
				CLANG_WARN_OBJC_LITERAL_CONVERSION = YES;
				CLANG_WARN_OBJC_ROOT_CLASS = YES_ERROR;
				CLANG_WARN_RANGE_LOOP_ANALYSIS = YES;
				CLANG_WARN_STRICT_PROTOTYPES = YES;
				CLANG_WARN_SUSPICIOUS_MOVE = YES;
				CLANG_WARN_UNGUARDED_AVAILABILITY = YES_AGGRESSIVE;
				CLANG_WARN_UNREACHABLE_CODE = YES;
				CLANG_WARN__DUPLICATE_METHOD_MATCH = YES;
				CODE_SIGN_IDENTITY = "iPhone Developer";
				COPY_PHASE_STRIP = NO;
				DEBUG_INFORMATION_FORMAT = "dwarf-with-dsym";
				ENABLE_NS_ASSERTIONS = NO;
				ENABLE_STRICT_OBJC_MSGSEND = YES;
				GCC_C_LANGUAGE_STANDARD = gnu11;
				GCC_NO_COMMON_BLOCKS = YES;
				GCC_WARN_64_TO_32_BIT_CONVERSION = YES;
				GCC_WARN_ABOUT_RETURN_TYPE = YES_ERROR;
				GCC_WARN_UNDECLARED_SELECTOR = YES;
				GCC_WARN_UNINITIALIZED_AUTOS = YES_AGGRESSIVE;
				GCC_WARN_UNUSED_FUNCTION = YES;
				GCC_WARN_UNUSED_VARIABLE = YES;
				IPHONEOS_DEPLOYMENT_TARGET = 12.2;
				MTL_ENABLE_DEBUG_INFO = NO;
				MTL_FAST_MATH = YES;
				SDKROOT = iphoneos;
				SWIFT_COMPILATION_MODE = wholemodule;
				SWIFT_OPTIMIZATION_LEVEL = "-O";
				VALIDATE_PRODUCT = YES;
			};
			name = Release;
		};
		AD44E96922CA7CDB002CD84A /* Debug */ = {
			isa = XCBuildConfiguration;
			buildSettings = {
				ASSETCATALOG_COMPILER_APPICON_NAME = AppIcon;
				CODE_SIGN_STYLE = Automatic;
				INFOPLIST_FILE = "$(SRCROOT)/Todoey/Info.plist";
				LD_RUNPATH_SEARCH_PATHS = (
					"$(inherited)",
					"@executable_path/Frameworks",
				);
				PRODUCT_BUNDLE_IDENTIFIER = com.indqtech.Todoey;
				PRODUCT_NAME = "$(TARGET_NAME)";
				SWIFT_VERSION = 5.0;
				TARGETED_DEVICE_FAMILY = "1,2";
			};
			name = Debug;
		};
		AD44E96A22CA7CDB002CD84A /* Release */ = {
			isa = XCBuildConfiguration;
			buildSettings = {
				ASSETCATALOG_COMPILER_APPICON_NAME = AppIcon;
				CODE_SIGN_STYLE = Automatic;
				INFOPLIST_FILE = "$(SRCROOT)/Todoey/Info.plist";
				LD_RUNPATH_SEARCH_PATHS = (
					"$(inherited)",
					"@executable_path/Frameworks",
				);
				PRODUCT_BUNDLE_IDENTIFIER = com.indqtech.Todoey;
				PRODUCT_NAME = "$(TARGET_NAME)";
				SWIFT_VERSION = 5.0;
				TARGETED_DEVICE_FAMILY = "1,2";
			};
			name = Release;
		};
/* End XCBuildConfiguration section */

/* Begin XCConfigurationList section */
		AD44E95122CA7CDA002CD84A /* Build configuration list for PBXProject "Todoey" */ = {
			isa = XCConfigurationList;
			buildConfigurations = (
				AD44E96622CA7CDB002CD84A /* Debug */,
				AD44E96722CA7CDB002CD84A /* Release */,
			);
			defaultConfigurationIsVisible = 0;
			defaultConfigurationName = Release;
		};
		AD44E96822CA7CDB002CD84A /* Build configuration list for PBXNativeTarget "Todoey" */ = {
			isa = XCConfigurationList;
			buildConfigurations = (
				AD44E96922CA7CDB002CD84A /* Debug */,
				AD44E96A22CA7CDB002CD84A /* Release */,
			);
			defaultConfigurationIsVisible = 0;
			defaultConfigurationName = Release;
		};
/* End XCConfigurationList section */

/* Begin XCVersionGroup section */
		AD44E99422CAE277002CD84A /* DataModel.xcdatamodeld */ = {
			isa = XCVersionGroup;
			children = (
				AD44E99522CAE277002CD84A /* DataModel.xcdatamodel */,
			);
			currentVersion = AD44E99522CAE277002CD84A /* DataModel.xcdatamodel */;
			path = DataModel.xcdatamodeld;
			sourceTree = "<group>";
			versionGroupType = wrapper.xcdatamodel;
		};
/* End XCVersionGroup section */
	};
	rootObject = AD44E94E22CA7CDA002CD84A /* Project object */;
}
